
Microsoft Visual Studio Solution File, Format Version 12.00
# Visual Studio Version 17
VisualStudioVersion = 17.14.36603.0 d17.14
MinimumVisualStudioVersion = 10.0.40219.1
Project("{FAE04EC0-301F-11D3-BF4B-00C04F79EFBC}") = "ConsoleApp3", "ConsoleApp3.csproj", "{5FB3B421-5100-42D8-8409-8983CD2FBA50}"
EndProject
Global
	GlobalSection(SolutionConfigurationPlatforms) = preSolution
		Debug|Any CPU = Debug|Any CPU
		Release|Any CPU = Release|Any CPU
	EndGlobalSection
	GlobalSection(ProjectConfigurationPlatforms) = postSolution
		{5FB3B421-5100-42D8-8409-8983CD2FBA50}.Debug|Any CPU.ActiveCfg = Debug|Any CPU
		{5FB3B421-5100-42D8-8409-8983CD2FBA50}.Debug|Any CPU.Build.0 = Debug|Any CPU
		{5FB3B421-5100-42D8-8409-8983CD2FBA50}.Release|Any CPU.ActiveCfg = Release|Any CPU
		{5FB3B421-5100-42D8-8409-8983CD2FBA50}.Release|Any CPU.Build.0 = Release|Any CPU
	EndGlobalSection
	GlobalSection(SolutionProperties) = preSolution
		HideSolutionNode = FALSE
	EndGlobalSection
	GlobalSection(ExtensibilityGlobals) = postSolution
		SolutionGuid = {28724764-5B57-415E-8CA9-F0FC479178A5}
	EndGlobalSection
EndGlobal
