
Microsoft Visual Studio Solution File, Format Version 12.00
# Visual Studio Version 17
VisualStudioVersion = 17.14.36603.0 d17.14
MinimumVisualStudioVersion = 10.0.40219.1
Project("{FAE04EC0-301F-11D3-BF4B-00C04F79EFBC}") = "UnitConverter", "UnitConverter.csproj", "{257AA31A-5B85-40E2-83EF-CD114DDA099A}"
EndProject
Global
	GlobalSection(SolutionConfigurationPlatforms) = preSolution
		Debug|Any CPU = Debug|Any CPU
		Release|Any CPU = Release|Any CPU
	EndGlobalSection
	GlobalSection(ProjectConfigurationPlatforms) = postSolution
		{257AA31A-5B85-40E2-83EF-CD114DDA099A}.Debug|Any CPU.ActiveCfg = Debug|Any CPU
		{257AA31A-5B85-40E2-83EF-CD114DDA099A}.Debug|Any CPU.Build.0 = Debug|Any CPU
		{257AA31A-5B85-40E2-83EF-CD114DDA099A}.Release|Any CPU.ActiveCfg = Release|Any CPU
		{257AA31A-5B85-40E2-83EF-CD114DDA099A}.Release|Any CPU.Build.0 = Release|Any CPU
	EndGlobalSection
	GlobalSection(SolutionProperties) = preSolution
		HideSolutionNode = FALSE
	EndGlobalSection
	GlobalSection(ExtensibilityGlobals) = postSolution
		SolutionGuid = {321621C5-7C61-4814-B0D4-838502E71CBB}
	EndGlobalSection
EndGlobal
