
Microsoft Visual Studio Solution File, Format Version 12.00
# Visual Studio Version 17
VisualStudioVersion = 17.14.36616.10 d17.14
MinimumVisualStudioVersion = 10.0.40219.1
Project("{FAE04EC0-301F-11D3-BF4B-00C04F79EFBC}") = "webProject", "webProject.csproj", "{ED2A9815-62A4-4808-A021-EB530CB52D3E}"
EndProject
Global
	GlobalSection(SolutionConfigurationPlatforms) = preSolution
		Debug|Any CPU = Debug|Any CPU
		Release|Any CPU = Release|Any CPU
	EndGlobalSection
	GlobalSection(ProjectConfigurationPlatforms) = postSolution
		{ED2A9815-62A4-4808-A021-EB530CB52D3E}.Debug|Any CPU.ActiveCfg = Debug|Any CPU
		{ED2A9815-62A4-4808-A021-EB530CB52D3E}.Debug|Any CPU.Build.0 = Debug|Any CPU
		{ED2A9815-62A4-4808-A021-EB530CB52D3E}.Release|Any CPU.ActiveCfg = Release|Any CPU
		{ED2A9815-62A4-4808-A021-EB530CB52D3E}.Release|Any CPU.Build.0 = Release|Any CPU
	EndGlobalSection
	GlobalSection(SolutionProperties) = preSolution
		HideSolutionNode = FALSE
	EndGlobalSection
	GlobalSection(ExtensibilityGlobals) = postSolution
		SolutionGuid = {2D527B8B-4E48-485B-BA66-4819828107B1}
	EndGlobalSection
EndGlobal
