
Microsoft Visual Studio Solution File, Format Version 12.00
# Visual Studio Version 17
VisualStudioVersion = 17.14.36603.0 d17.14
MinimumVisualStudioVersion = 10.0.40219.1
Project("{FAE04EC0-301F-11D3-BF4B-00C04F79EFBC}") = "Temp_Input", "Temp_Input.csproj", "{7559CE8D-1272-4B91-B472-7BFB22758AD5}"
EndProject
Global
	GlobalSection(SolutionConfigurationPlatforms) = preSolution
		Debug|Any CPU = Debug|Any CPU
		Release|Any CPU = Release|Any CPU
	EndGlobalSection
	GlobalSection(ProjectConfigurationPlatforms) = postSolution
		{7559CE8D-1272-4B91-B472-7BFB22758AD5}.Debug|Any CPU.ActiveCfg = Debug|Any CPU
		{7559CE8D-1272-4B91-B472-7BFB22758AD5}.Debug|Any CPU.Build.0 = Debug|Any CPU
		{7559CE8D-1272-4B91-B472-7BFB22758AD5}.Release|Any CPU.ActiveCfg = Release|Any CPU
		{7559CE8D-1272-4B91-B472-7BFB22758AD5}.Release|Any CPU.Build.0 = Release|Any CPU
	EndGlobalSection
	GlobalSection(SolutionProperties) = preSolution
		HideSolutionNode = FALSE
	EndGlobalSection
	GlobalSection(ExtensibilityGlobals) = postSolution
		SolutionGuid = {C5C4C3B5-2E0C-48DC-BC97-D98F8A8DF904}
	EndGlobalSection
EndGlobal
