
Microsoft Visual Studio Solution File, Format Version 12.00
# Visual Studio Version 17
VisualStudioVersion = 17.14.36616.10 d17.14
MinimumVisualStudioVersion = 10.0.40219.1
Project("{FAE04EC0-301F-11D3-BF4B-00C04F79EFBC}") = "comp", "comp.csproj", "{EC21FD24-45DF-467B-BC9F-3CA795C70F78}"
EndProject
Global
	GlobalSection(SolutionConfigurationPlatforms) = preSolution
		Debug|Any CPU = Debug|Any CPU
		Release|Any CPU = Release|Any CPU
	EndGlobalSection
	GlobalSection(ProjectConfigurationPlatforms) = postSolution
		{EC21FD24-45DF-467B-BC9F-3CA795C70F78}.Debug|Any CPU.ActiveCfg = Debug|Any CPU
		{EC21FD24-45DF-467B-BC9F-3CA795C70F78}.Debug|Any CPU.Build.0 = Debug|Any CPU
		{EC21FD24-45DF-467B-BC9F-3CA795C70F78}.Release|Any CPU.ActiveCfg = Release|Any CPU
		{EC21FD24-45DF-467B-BC9F-3CA795C70F78}.Release|Any CPU.Build.0 = Release|Any CPU
	EndGlobalSection
	GlobalSection(SolutionProperties) = preSolution
		HideSolutionNode = FALSE
	EndGlobalSection
	GlobalSection(ExtensibilityGlobals) = postSolution
		SolutionGuid = {6022B9F2-4550-441C-8638-2EE99B32A973}
	EndGlobalSection
EndGlobal
