
Microsoft Visual Studio Solution File, Format Version 12.00
# Visual Studio Version 17
VisualStudioVersion = 17.14.36603.0 d17.14
MinimumVisualStudioVersion = 10.0.40219.1
Project("{FAE04EC0-301F-11D3-BF4B-00C04F79EFBC}") = "ConsoleApp6", "ConsoleApp6.csproj", "{59A04E9D-8404-4D39-879A-3241025A5EF2}"
EndProject
Global
	GlobalSection(SolutionConfigurationPlatforms) = preSolution
		Debug|Any CPU = Debug|Any CPU
		Release|Any CPU = Release|Any CPU
	EndGlobalSection
	GlobalSection(ProjectConfigurationPlatforms) = postSolution
		{59A04E9D-8404-4D39-879A-3241025A5EF2}.Debug|Any CPU.ActiveCfg = Debug|Any CPU
		{59A04E9D-8404-4D39-879A-3241025A5EF2}.Debug|Any CPU.Build.0 = Debug|Any CPU
		{59A04E9D-8404-4D39-879A-3241025A5EF2}.Release|Any CPU.ActiveCfg = Release|Any CPU
		{59A04E9D-8404-4D39-879A-3241025A5EF2}.Release|Any CPU.Build.0 = Release|Any CPU
	EndGlobalSection
	GlobalSection(SolutionProperties) = preSolution
		HideSolutionNode = FALSE
	EndGlobalSection
	GlobalSection(ExtensibilityGlobals) = postSolution
		SolutionGuid = {07E914B0-7E4A-4F56-8BD2-C372C7C9EE89}
	EndGlobalSection
EndGlobal
