
Microsoft Visual Studio Solution File, Format Version 12.00
# Visual Studio Version 17
VisualStudioVersion = 17.14.36603.0 d17.14
MinimumVisualStudioVersion = 10.0.40219.1
Project("{FAE04EC0-301F-11D3-BF4B-00C04F79EFBC}") = "NumberGame", "NumberGame.csproj", "{F94BD37E-8ACC-4DF2-BD83-5019A31370C3}"
EndProject
Global
	GlobalSection(SolutionConfigurationPlatforms) = preSolution
		Debug|Any CPU = Debug|Any CPU
		Release|Any CPU = Release|Any CPU
	EndGlobalSection
	GlobalSection(ProjectConfigurationPlatforms) = postSolution
		{F94BD37E-8ACC-4DF2-BD83-5019A31370C3}.Debug|Any CPU.ActiveCfg = Debug|Any CPU
		{F94BD37E-8ACC-4DF2-BD83-5019A31370C3}.Debug|Any CPU.Build.0 = Debug|Any CPU
		{F94BD37E-8ACC-4DF2-BD83-5019A31370C3}.Release|Any CPU.ActiveCfg = Release|Any CPU
		{F94BD37E-8ACC-4DF2-BD83-5019A31370C3}.Release|Any CPU.Build.0 = Release|Any CPU
	EndGlobalSection
	GlobalSection(SolutionProperties) = preSolution
		HideSolutionNode = FALSE
	EndGlobalSection
	GlobalSection(ExtensibilityGlobals) = postSolution
		SolutionGuid = {C5C1E506-04B1-4516-8E16-C1C9E42779A1}
	EndGlobalSection
EndGlobal
