
Microsoft Visual Studio Solution File, Format Version 12.00
# Visual Studio Version 17
VisualStudioVersion = 17.14.36603.0 d17.14
MinimumVisualStudioVersion = 10.0.40219.1
Project("{FAE04EC0-301F-11D3-BF4B-00C04F79EFBC}") = "WinFormsApp1", "WinFormsApp1.csproj", "{244FE7FE-84E3-47AC-ABFD-1BE72E5DB359}"
EndProject
Global
	GlobalSection(SolutionConfigurationPlatforms) = preSolution
		Debug|Any CPU = Debug|Any CPU
		Release|Any CPU = Release|Any CPU
	EndGlobalSection
	GlobalSection(ProjectConfigurationPlatforms) = postSolution
		{244FE7FE-84E3-47AC-ABFD-1BE72E5DB359}.Debug|Any CPU.ActiveCfg = Debug|Any CPU
		{244FE7FE-84E3-47AC-ABFD-1BE72E5DB359}.Debug|Any CPU.Build.0 = Debug|Any CPU
		{244FE7FE-84E3-47AC-ABFD-1BE72E5DB359}.Release|Any CPU.ActiveCfg = Release|Any CPU
		{244FE7FE-84E3-47AC-ABFD-1BE72E5DB359}.Release|Any CPU.Build.0 = Release|Any CPU
	EndGlobalSection
	GlobalSection(SolutionProperties) = preSolution
		HideSolutionNode = FALSE
	EndGlobalSection
	GlobalSection(ExtensibilityGlobals) = postSolution
		SolutionGuid = {AC93A447-CEB2-4283-AD90-9CD9EA465081}
	EndGlobalSection
EndGlobal
