
Microsoft Visual Studio Solution File, Format Version 12.00
# Visual Studio Version 17
VisualStudioVersion = 17.14.36616.10 d17.14
MinimumVisualStudioVersion = 10.0.40219.1
Project("{FAE04EC0-301F-11D3-BF4B-00C04F79EFBC}") = "BoardProject", "BoardProject.csproj", "{D0968E4B-9E12-4D0C-8455-6D7361CA8681}"
EndProject
Global
	GlobalSection(SolutionConfigurationPlatforms) = preSolution
		Debug|Any CPU = Debug|Any CPU
		Release|Any CPU = Release|Any CPU
	EndGlobalSection
	GlobalSection(ProjectConfigurationPlatforms) = postSolution
		{D0968E4B-9E12-4D0C-8455-6D7361CA8681}.Debug|Any CPU.ActiveCfg = Debug|Any CPU
		{D0968E4B-9E12-4D0C-8455-6D7361CA8681}.Debug|Any CPU.Build.0 = Debug|Any CPU
		{D0968E4B-9E12-4D0C-8455-6D7361CA8681}.Release|Any CPU.ActiveCfg = Release|Any CPU
		{D0968E4B-9E12-4D0C-8455-6D7361CA8681}.Release|Any CPU.Build.0 = Release|Any CPU
	EndGlobalSection
	GlobalSection(SolutionProperties) = preSolution
		HideSolutionNode = FALSE
	EndGlobalSection
	GlobalSection(ExtensibilityGlobals) = postSolution
		SolutionGuid = {E5760692-15B4-47F8-B9F6-54811F8CC065}
	EndGlobalSection
EndGlobal
