
Microsoft Visual Studio Solution File, Format Version 12.00
# Visual Studio Version 17
VisualStudioVersion = 17.14.36616.10 d17.14
MinimumVisualStudioVersion = 10.0.40219.1
Project("{FAE04EC0-301F-11D3-BF4B-00C04F79EFBC}") = "Measure", "Measure.csproj", "{804430E8-4984-44A9-8AF9-60BD17748B55}"
EndProject
Global
	GlobalSection(SolutionConfigurationPlatforms) = preSolution
		Debug|Any CPU = Debug|Any CPU
		Release|Any CPU = Release|Any CPU
	EndGlobalSection
	GlobalSection(ProjectConfigurationPlatforms) = postSolution
		{804430E8-4984-44A9-8AF9-60BD17748B55}.Debug|Any CPU.ActiveCfg = Debug|Any CPU
		{804430E8-4984-44A9-8AF9-60BD17748B55}.Debug|Any CPU.Build.0 = Debug|Any CPU
		{804430E8-4984-44A9-8AF9-60BD17748B55}.Release|Any CPU.ActiveCfg = Release|Any CPU
		{804430E8-4984-44A9-8AF9-60BD17748B55}.Release|Any CPU.Build.0 = Release|Any CPU
	EndGlobalSection
	GlobalSection(SolutionProperties) = preSolution
		HideSolutionNode = FALSE
	EndGlobalSection
	GlobalSection(ExtensibilityGlobals) = postSolution
		SolutionGuid = {2BCE3D98-9C6A-479A-969C-97CBDF484502}
	EndGlobalSection
EndGlobal
